// !$*UTF8*$!
{
	archiveVersion = 1;
	classes = {
	};
	objectVersion = 48;
	objects = {

/* Begin PBXBuildFile section */
		789A8B9C201CEE8B003161B1 /* AppDelegate.swift in Sources */ = {isa = PBXBuildFile; fileRef = 789A8B9B201CEE8B003161B1 /* AppDelegate.swift */; };
		789A8BA1201CEE8B003161B1 /* Main.storyboard in Resources */ = {isa = PBXBuildFile; fileRef = 789A8B9F201CEE8B003161B1 /* Main.storyboard */; };
		789A8BA4201CEE8B003161B1 /* Nautitrac.xcdatamodeld in Sources */ = {isa = PBXBuildFile; fileRef = 789A8BA2201CEE8B003161B1 /* Nautitrac.xcdatamodeld */; };
		789A8BA6201CEE8B003161B1 /* Assets.xcassets in Resources */ = {isa = PBXBuildFile; fileRef = 789A8BA5201CEE8B003161B1 /* Assets.xcassets */; };
		789A8BA9201CEE8B003161B1 /* LaunchScreen.storyboard in Resources */ = {isa = PBXBuildFile; fileRef = 789A8BA7201CEE8B003161B1 /* LaunchScreen.storyboard */; };
		789A8BCD201CF623003161B1 /* Boat.storyboard in Resources */ = {isa = PBXBuildFile; fileRef = 789A8BCC201CF623003161B1 /* Boat.storyboard */; };
		789A8BD0201CFC99003161B1 /* TypePicker.swift in Sources */ = {isa = PBXBuildFile; fileRef = 789A8BCF201CFC99003161B1 /* TypePicker.swift */; };
		789A8BD2201CFD14003161B1 /* DraftPicker.swift in Sources */ = {isa = PBXBuildFile; fileRef = 789A8BD1201CFD14003161B1 /* DraftPicker.swift */; };
		789A8BD4201CFF93003161B1 /* HeightPicker.swift in Sources */ = {isa = PBXBuildFile; fileRef = 789A8BD3201CFF93003161B1 /* HeightPicker.swift */; };
		789A8BD6201CFFA8003161B1 /* WeightPicker.swift in Sources */ = {isa = PBXBuildFile; fileRef = 789A8BD5201CFFA8003161B1 /* WeightPicker.swift */; };
		789A8BD8201CFFC9003161B1 /* SpeedPicker.swift in Sources */ = {isa = PBXBuildFile; fileRef = 789A8BD7201CFFC9003161B1 /* SpeedPicker.swift */; };
		789A8BDA201CFFE2003161B1 /* FuelAmountPicker.swift in Sources */ = {isa = PBXBuildFile; fileRef = 789A8BD9201CFFE2003161B1 /* FuelAmountPicker.swift */; };
		789A8BDF201D07F0003161B1 /* BoatTableViewController.swift in Sources */ = {isa = PBXBuildFile; fileRef = 789A8BDE201D07F0003161B1 /* BoatTableViewController.swift */; };
		78ED8B6E2104D1F800D151BA /* LogEntry.storyboard in Resources */ = {isa = PBXBuildFile; fileRef = 78ED8B6D2104D1F800D151BA /* LogEntry.storyboard */; };
		78ED8B702104D60300D151BA /* Map.storyboard in Resources */ = {isa = PBXBuildFile; fileRef = 78ED8B6F2104D60300D151BA /* Map.storyboard */; };
		78ED8B732104D79200D151BA /* TripsTableViewController.swift in Sources */ = {isa = PBXBuildFile; fileRef = 78ED8B722104D79200D151BA /* TripsTableViewController.swift */; };
		78ED8B752104D7A900D151BA /* LogEntryTableViewController.swift in Sources */ = {isa = PBXBuildFile; fileRef = 78ED8B742104D7A900D151BA /* LogEntryTableViewController.swift */; };
		78ED8B772104D90500D151BA /* TripsTableViewCell.swift in Sources */ = {isa = PBXBuildFile; fileRef = 78ED8B762104D90500D151BA /* TripsTableViewCell.swift */; };
		78ED8B7B2104D9AB00D151BA /* LogEntryTableViewCell.swift in Sources */ = {isa = PBXBuildFile; fileRef = 78ED8B7A2104D9AB00D151BA /* LogEntryTableViewCell.swift */; };
		78ED8B7D2104DA2200D151BA /* TripViewController.swift in Sources */ = {isa = PBXBuildFile; fileRef = 78ED8B7C2104DA2200D151BA /* TripViewController.swift */; };
		78ED8B7F2104DA3800D151BA /* LogEntryViewController.swift in Sources */ = {isa = PBXBuildFile; fileRef = 78ED8B7E2104DA3800D151BA /* LogEntryViewController.swift */; };
		78ED8B83210506B500D151BA /* Configuration.swift in Sources */ = {isa = PBXBuildFile; fileRef = 78ED8B82210506B500D151BA /* Configuration.swift */; };
		78ED8B8821051D9100D151BA /* MainLogEntryViewController.swift in Sources */ = {isa = PBXBuildFile; fileRef = 78ED8B8721051D9100D151BA /* MainLogEntryViewController.swift */; };
		78ED8B8F2105351100D151BA /* NewTripViewController.swift in Sources */ = {isa = PBXBuildFile; fileRef = 78ED8B8E2105351100D151BA /* NewTripViewController.swift */; };
/* End PBXBuildFile section */

/* Begin PBXFileReference section */
		789A8B98201CEE8B003161B1 /* Nautitrac.app */ = {isa = PBXFileReference; explicitFileType = wrapper.application; includeInIndex = 0; path = Nautitrac.app; sourceTree = BUILT_PRODUCTS_DIR; };
		789A8B9B201CEE8B003161B1 /* AppDelegate.swift */ = {isa = PBXFileReference; lastKnownFileType = sourcecode.swift; path = AppDelegate.swift; sourceTree = "<group>"; };
		789A8BA0201CEE8B003161B1 /* Base */ = {isa = PBXFileReference; lastKnownFileType = file.storyboard; name = Base; path = Base.lproj/Main.storyboard; sourceTree = "<group>"; };
		789A8BA3201CEE8B003161B1 /* Nautitrac.xcdatamodel */ = {isa = PBXFileReference; lastKnownFileType = wrapper.xcdatamodel; path = Nautitrac.xcdatamodel; sourceTree = "<group>"; };
		789A8BA5201CEE8B003161B1 /* Assets.xcassets */ = {isa = PBXFileReference; lastKnownFileType = folder.assetcatalog; path = Assets.xcassets; sourceTree = "<group>"; };
		789A8BA8201CEE8B003161B1 /* Base */ = {isa = PBXFileReference; lastKnownFileType = file.storyboard; name = Base; path = Base.lproj/LaunchScreen.storyboard; sourceTree = "<group>"; };
		789A8BAA201CEE8B003161B1 /* Info.plist */ = {isa = PBXFileReference; lastKnownFileType = text.plist.xml; path = Info.plist; sourceTree = "<group>"; };
		789A8BCC201CF623003161B1 /* Boat.storyboard */ = {isa = PBXFileReference; lastKnownFileType = file.storyboard; path = Boat.storyboard; sourceTree = "<group>"; };
		789A8BCF201CFC99003161B1 /* TypePicker.swift */ = {isa = PBXFileReference; lastKnownFileType = sourcecode.swift; path = TypePicker.swift; sourceTree = "<group>"; };
		789A8BD1201CFD14003161B1 /* DraftPicker.swift */ = {isa = PBXFileReference; lastKnownFileType = sourcecode.swift; path = DraftPicker.swift; sourceTree = "<group>"; };
		789A8BD3201CFF93003161B1 /* HeightPicker.swift */ = {isa = PBXFileReference; lastKnownFileType = sourcecode.swift; path = HeightPicker.swift; sourceTree = "<group>"; };
		789A8BD5201CFFA8003161B1 /* WeightPicker.swift */ = {isa = PBXFileReference; lastKnownFileType = sourcecode.swift; path = WeightPicker.swift; sourceTree = "<group>"; };
		789A8BD7201CFFC9003161B1 /* SpeedPicker.swift */ = {isa = PBXFileReference; lastKnownFileType = sourcecode.swift; path = SpeedPicker.swift; sourceTree = "<group>"; };
		789A8BD9201CFFE2003161B1 /* FuelAmountPicker.swift */ = {isa = PBXFileReference; lastKnownFileType = sourcecode.swift; path = FuelAmountPicker.swift; sourceTree = "<group>"; };
		789A8BDE201D07F0003161B1 /* BoatTableViewController.swift */ = {isa = PBXFileReference; lastKnownFileType = sourcecode.swift; path = BoatTableViewController.swift; sourceTree = "<group>"; };
		78ED8B6D2104D1F800D151BA /* LogEntry.storyboard */ = {isa = PBXFileReference; lastKnownFileType = file.storyboard; path = LogEntry.storyboard; sourceTree = "<group>"; };
		78ED8B6F2104D60300D151BA /* Map.storyboard */ = {isa = PBXFileReference; lastKnownFileType = file.storyboard; path = Map.storyboard; sourceTree = "<group>"; };
		78ED8B722104D79200D151BA /* TripsTableViewController.swift */ = {isa = PBXFileReference; lastKnownFileType = sourcecode.swift; path = TripsTableViewController.swift; sourceTree = "<group>"; };
		78ED8B742104D7A900D151BA /* LogEntryTableViewController.swift */ = {isa = PBXFileReference; lastKnownFileType = sourcecode.swift; path = LogEntryTableViewController.swift; sourceTree = "<group>"; };
		78ED8B762104D90500D151BA /* TripsTableViewCell.swift */ = {isa = PBXFileReference; lastKnownFileType = sourcecode.swift; path = TripsTableViewCell.swift; sourceTree = "<group>"; };
		78ED8B7A2104D9AB00D151BA /* LogEntryTableViewCell.swift */ = {isa = PBXFileReference; lastKnownFileType = sourcecode.swift; path = LogEntryTableViewCell.swift; sourceTree = "<group>"; };
		78ED8B7C2104DA2200D151BA /* TripViewController.swift */ = {isa = PBXFileReference; lastKnownFileType = sourcecode.swift; path = TripViewController.swift; sourceTree = "<group>"; };
		78ED8B7E2104DA3800D151BA /* LogEntryViewController.swift */ = {isa = PBXFileReference; lastKnownFileType = sourcecode.swift; path = LogEntryViewController.swift; sourceTree = "<group>"; };
		78ED8B82210506B500D151BA /* Configuration.swift */ = {isa = PBXFileReference; lastKnownFileType = sourcecode.swift; path = Configuration.swift; sourceTree = "<group>"; };
		78ED8B8721051D9100D151BA /* MainLogEntryViewController.swift */ = {isa = PBXFileReference; lastKnownFileType = sourcecode.swift; path = MainLogEntryViewController.swift; sourceTree = "<group>"; };
		78ED8B8E2105351100D151BA /* NewTripViewController.swift */ = {isa = PBXFileReference; lastKnownFileType = sourcecode.swift; path = NewTripViewController.swift; sourceTree = "<group>"; };
/* End PBXFileReference section */

/* Begin PBXFrameworksBuildPhase section */
		789A8B95201CEE8B003161B1 /* Frameworks */ = {
			isa = PBXFrameworksBuildPhase;
			buildActionMask = 2147483647;
			files = (
			);
			runOnlyForDeploymentPostprocessing = 0;
		};
/* End PBXFrameworksBuildPhase section */

/* Begin PBXGroup section */
		789A8B8F201CEE8B003161B1 = {
			isa = PBXGroup;
			children = (
				789A8B9A201CEE8B003161B1 /* Nautitrac */,
				789A8B99201CEE8B003161B1 /* Products */,
			);
			sourceTree = "<group>";
		};
		789A8B99201CEE8B003161B1 /* Products */ = {
			isa = PBXGroup;
			children = (
				789A8B98201CEE8B003161B1 /* Nautitrac.app */,
			);
			name = Products;
			sourceTree = "<group>";
		};
		789A8B9A201CEE8B003161B1 /* Nautitrac */ = {
			isa = PBXGroup;
			children = (
				78ED8B902105433500D151BA /* Model Objects */,
				78ED8B8B21052B3E00D151BA /* Application Delegate */,
				78ED8B84210506BB00D151BA /* Default Configuration Files */,
				78ED8B712104D6B900D151BA /* View Controllers */,
				78ED8B792104D96000D151BA /* Table View Cells */,
				789A8BDB201D0417003161B1 /* Pickers */,
				789A8BCE201CF943003161B1 /* Storyboards */,
				78ED8B8C21052B8900D151BA /* Resources */,
				789A8BAA201CEE8B003161B1 /* Info.plist */,
				78ED8B8D21052B9400D151BA /* Accessory Files */,
			);
			path = Nautitrac;
			sourceTree = "<group>";
		};
		789A8BCE201CF943003161B1 /* Storyboards */ = {
			isa = PBXGroup;
			children = (
				789A8B9F201CEE8B003161B1 /* Main.storyboard */,
				78ED8B6D2104D1F800D151BA /* LogEntry.storyboard */,
				789A8BCC201CF623003161B1 /* Boat.storyboard */,
				789A8BA7201CEE8B003161B1 /* LaunchScreen.storyboard */,
				78ED8B6F2104D60300D151BA /* Map.storyboard */,
			);
			path = Storyboards;
			sourceTree = "<group>";
		};
		789A8BDB201D0417003161B1 /* Pickers */ = {
			isa = PBXGroup;
			children = (
				789A8BD1201CFD14003161B1 /* DraftPicker.swift */,
				789A8BD3201CFF93003161B1 /* HeightPicker.swift */,
				789A8BD5201CFFA8003161B1 /* WeightPicker.swift */,
				789A8BD7201CFFC9003161B1 /* SpeedPicker.swift */,
				789A8BD9201CFFE2003161B1 /* FuelAmountPicker.swift */,
				789A8BCF201CFC99003161B1 /* TypePicker.swift */,
			);
			path = Pickers;
			sourceTree = "<group>";
		};
		78ED8B712104D6B900D151BA /* View Controllers */ = {
			isa = PBXGroup;
			children = (
				78ED8B8721051D9100D151BA /* MainLogEntryViewController.swift */,
				789A8BDE201D07F0003161B1 /* BoatTableViewController.swift */,
				78ED8B8E2105351100D151BA /* NewTripViewController.swift */,
				78ED8B722104D79200D151BA /* TripsTableViewController.swift */,
				78ED8B7C2104DA2200D151BA /* TripViewController.swift */,
				78ED8B742104D7A900D151BA /* LogEntryTableViewController.swift */,
				78ED8B7E2104DA3800D151BA /* LogEntryViewController.swift */,
			);
			path = "View Controllers";
			sourceTree = "<group>";
		};
		78ED8B792104D96000D151BA /* Table View Cells */ = {
			isa = PBXGroup;
			children = (
				78ED8B762104D90500D151BA /* TripsTableViewCell.swift */,
				78ED8B7A2104D9AB00D151BA /* LogEntryTableViewCell.swift */,
			);
			path = "Table View Cells";
			sourceTree = "<group>";
		};
		78ED8B84210506BB00D151BA /* Default Configuration Files */ = {
			isa = PBXGroup;
			children = (
				78ED8B82210506B500D151BA /* Configuration.swift */,
			);
			path = "Default Configuration Files";
			sourceTree = "<group>";
		};
		78ED8B8B21052B3E00D151BA /* Application Delegate */ = {
			isa = PBXGroup;
			children = (
				789A8B9B201CEE8B003161B1 /* AppDelegate.swift */,
			);
			path = "Application Delegate";
			sourceTree = "<group>";
		};
		78ED8B8C21052B8900D151BA /* Resources */ = {
			isa = PBXGroup;
			children = (
				789A8BA5201CEE8B003161B1 /* Assets.xcassets */,
				789A8BA2201CEE8B003161B1 /* Nautitrac.xcdatamodeld */,
			);
			path = Resources;
			sourceTree = "<group>";
		};
		78ED8B8D21052B9400D151BA /* Accessory Files */ = {
			isa = PBXGroup;
			children = (
			);
			path = "Accessory Files";
			sourceTree = "<group>";
		};
		78ED8B902105433500D151BA /* Model Objects */ = {
			isa = PBXGroup;
			children = (
			);
			path = "Model Objects";
			sourceTree = "<group>";
		};
/* End PBXGroup section */

/* Begin PBXNativeTarget section */
		789A8B97201CEE8B003161B1 /* Nautitrac */ = {
			isa = PBXNativeTarget;
			buildConfigurationList = 789A8BAD201CEE8B003161B1 /* Build configuration list for PBXNativeTarget "Nautitrac" */;
			buildPhases = (
				789A8B94201CEE8B003161B1 /* Sources */,
				789A8B95201CEE8B003161B1 /* Frameworks */,
				789A8B96201CEE8B003161B1 /* Resources */,
			);
			buildRules = (
			);
			dependencies = (
			);
			name = Nautitrac;
			productName = Nautitrac;
			productReference = 789A8B98201CEE8B003161B1 /* Nautitrac.app */;
			productType = "com.apple.product-type.application";
		};
/* End PBXNativeTarget section */

/* Begin PBXProject section */
		789A8B90201CEE8B003161B1 /* Project object */ = {
			isa = PBXProject;
			attributes = {
				LastSwiftUpdateCheck = 0920;
				LastUpgradeCheck = 0940;
				ORGANIZATIONNAME = "Seven Bends Software";
				TargetAttributes = {
					789A8B97201CEE8B003161B1 = {
						CreatedOnToolsVersion = 9.2;
						ProvisioningStyle = Automatic;
					};
				};
			};
			buildConfigurationList = 789A8B93201CEE8B003161B1 /* Build configuration list for PBXProject "Nautitrac" */;
			compatibilityVersion = "Xcode 8.0";
			developmentRegion = en;
			hasScannedForEncodings = 0;
			knownRegions = (
				en,
				Base,
			);
			mainGroup = 789A8B8F201CEE8B003161B1;
			productRefGroup = 789A8B99201CEE8B003161B1 /* Products */;
			projectDirPath = "";
			projectRoot = "";
			targets = (
				789A8B97201CEE8B003161B1 /* Nautitrac */,
			);
		};
/* End PBXProject section */

/* Begin PBXResourcesBuildPhase section */
		789A8B96201CEE8B003161B1 /* Resources */ = {
			isa = PBXResourcesBuildPhase;
			buildActionMask = 2147483647;
			files = (
				789A8BA9201CEE8B003161B1 /* LaunchScreen.storyboard in Resources */,
				78ED8B6E2104D1F800D151BA /* LogEntry.storyboard in Resources */,
				789A8BA6201CEE8B003161B1 /* Assets.xcassets in Resources */,
				789A8BA1201CEE8B003161B1 /* Main.storyboard in Resources */,
				789A8BCD201CF623003161B1 /* Boat.storyboard in Resources */,
				78ED8B702104D60300D151BA /* Map.storyboard in Resources */,
			);
			runOnlyForDeploymentPostprocessing = 0;
		};
/* End PBXResourcesBuildPhase section */

/* Begin PBXSourcesBuildPhase section */
		789A8B94201CEE8B003161B1 /* Sources */ = {
			isa = PBXSourcesBuildPhase;
			buildActionMask = 2147483647;
			files = (
				789A8BD4201CFF93003161B1 /* HeightPicker.swift in Sources */,
				78ED8B7F2104DA3800D151BA /* LogEntryViewController.swift in Sources */,
				78ED8B8F2105351100D151BA /* NewTripViewController.swift in Sources */,
				789A8BA4201CEE8B003161B1 /* Nautitrac.xcdatamodeld in Sources */,
				78ED8B732104D79200D151BA /* TripsTableViewController.swift in Sources */,
				789A8BD8201CFFC9003161B1 /* SpeedPicker.swift in Sources */,
				789A8BDA201CFFE2003161B1 /* FuelAmountPicker.swift in Sources */,
				78ED8B83210506B500D151BA /* Configuration.swift in Sources */,
				789A8BDF201D07F0003161B1 /* BoatTableViewController.swift in Sources */,
				789A8BD2201CFD14003161B1 /* DraftPicker.swift in Sources */,
				789A8BD6201CFFA8003161B1 /* WeightPicker.swift in Sources */,
				78ED8B8821051D9100D151BA /* MainLogEntryViewController.swift in Sources */,
				789A8B9C201CEE8B003161B1 /* AppDelegate.swift in Sources */,
				78ED8B7D2104DA2200D151BA /* TripViewController.swift in Sources */,
				78ED8B7B2104D9AB00D151BA /* LogEntryTableViewCell.swift in Sources */,
				78ED8B772104D90500D151BA /* TripsTableViewCell.swift in Sources */,
				78ED8B752104D7A900D151BA /* LogEntryTableViewController.swift in Sources */,
				789A8BD0201CFC99003161B1 /* TypePicker.swift in Sources */,
			);
			runOnlyForDeploymentPostprocessing = 0;
		};
/* End PBXSourcesBuildPhase section */

/* Begin PBXVariantGroup section */
		789A8B9F201CEE8B003161B1 /* Main.storyboard */ = {
			isa = PBXVariantGroup;
			children = (
				789A8BA0201CEE8B003161B1 /* Base */,
			);
			name = Main.storyboard;
			sourceTree = "<group>";
		};
		789A8BA7201CEE8B003161B1 /* LaunchScreen.storyboard */ = {
			isa = PBXVariantGroup;
			children = (
				789A8BA8201CEE8B003161B1 /* Base */,
			);
			name = LaunchScreen.storyboard;
			sourceTree = "<group>";
		};
/* End PBXVariantGroup section */

/* Begin XCBuildConfiguration section */
		789A8BAB201CEE8B003161B1 /* Debug */ = {
			isa = XCBuildConfiguration;
			buildSettings = {
				ALWAYS_SEARCH_USER_PATHS = NO;
				CLANG_ANALYZER_NONNULL = YES;
				CLANG_ANALYZER_NUMBER_OBJECT_CONVERSION = YES_AGGRESSIVE;
				CLANG_CXX_LANGUAGE_STANDARD = "gnu++14";
				CLANG_CXX_LIBRARY = "libc++";
				CLANG_ENABLE_MODULES = YES;
				CLANG_ENABLE_OBJC_ARC = YES;
				CLANG_WARN_BLOCK_CAPTURE_AUTORELEASING = YES;
				CLANG_WARN_BOOL_CONVERSION = YES;
				CLANG_WARN_COMMA = YES;
				CLANG_WARN_CONSTANT_CONVERSION = YES;
				CLANG_WARN_DEPRECATED_OBJC_IMPLEMENTATIONS = YES;
				CLANG_WARN_DIRECT_OBJC_ISA_USAGE = YES_ERROR;
				CLANG_WARN_DOCUMENTATION_COMMENTS = YES;
				CLANG_WARN_EMPTY_BODY = YES;
				CLANG_WARN_ENUM_CONVERSION = YES;
				CLANG_WARN_INFINITE_RECURSION = YES;
				CLANG_WARN_INT_CONVERSION = YES;
				CLANG_WARN_NON_LITERAL_NULL_CONVERSION = YES;
				CLANG_WARN_OBJC_IMPLICIT_RETAIN_SELF = YES;
				CLANG_WARN_OBJC_LITERAL_CONVERSION = YES;
				CLANG_WARN_OBJC_ROOT_CLASS = YES_ERROR;
				CLANG_WARN_RANGE_LOOP_ANALYSIS = YES;
				CLANG_WARN_STRICT_PROTOTYPES = YES;
				CLANG_WARN_SUSPICIOUS_MOVE = YES;
				CLANG_WARN_UNGUARDED_AVAILABILITY = YES_AGGRESSIVE;
				CLANG_WARN_UNREACHABLE_CODE = YES;
				CLANG_WARN__DUPLICATE_METHOD_MATCH = YES;
				CODE_SIGN_IDENTITY = "iPhone Developer";
				COPY_PHASE_STRIP = NO;
				DEBUG_INFORMATION_FORMAT = dwarf;
				ENABLE_STRICT_OBJC_MSGSEND = YES;
				ENABLE_TESTABILITY = YES;
				GCC_C_LANGUAGE_STANDARD = gnu11;
				GCC_DYNAMIC_NO_PIC = NO;
				GCC_NO_COMMON_BLOCKS = YES;
				GCC_OPTIMIZATION_LEVEL = 0;
				GCC_PREPROCESSOR_DEFINITIONS = (
					"DEBUG=1",
					"$(inherited)",
				);
				GCC_WARN_64_TO_32_BIT_CONVERSION = YES;
				GCC_WARN_ABOUT_RETURN_TYPE = YES_ERROR;
				GCC_WARN_UNDECLARED_SELECTOR = YES;
				GCC_WARN_UNINITIALIZED_AUTOS = YES_AGGRESSIVE;
				GCC_WARN_UNUSED_FUNCTION = YES;
				GCC_WARN_UNUSED_VARIABLE = YES;
				"INFOPLIST_FILE[sdk=*]" = "";
				IPHONEOS_DEPLOYMENT_TARGET = 11.2;
				MTL_ENABLE_DEBUG_INFO = YES;
				ONLY_ACTIVE_ARCH = YES;
				SDKROOT = iphoneos;
				SWIFT_ACTIVE_COMPILATION_CONDITIONS = DEBUG;
				SWIFT_OPTIMIZATION_LEVEL = "-Onone";
			};
			name = Debug;
		};
		789A8BAC201CEE8B003161B1 /* Release */ = {
			isa = XCBuildConfiguration;
			buildSettings = {
				ALWAYS_SEARCH_USER_PATHS = NO;
				CLANG_ANALYZER_NONNULL = YES;
				CLANG_ANALYZER_NUMBER_OBJECT_CONVERSION = YES_AGGRESSIVE;
				CLANG_CXX_LANGUAGE_STANDARD = "gnu++14";
				CLANG_CXX_LIBRARY = "libc++";
				CLANG_ENABLE_MODULES = YES;
				CLANG_ENABLE_OBJC_ARC = YES;
				CLANG_WARN_BLOCK_CAPTURE_AUTORELEASING = YES;
				CLANG_WARN_BOOL_CONVERSION = YES;
				CLANG_WARN_COMMA = YES;
				CLANG_WARN_CONSTANT_CONVERSION = YES;
				CLANG_WARN_DEPRECATED_OBJC_IMPLEMENTATIONS = YES;
				CLANG_WARN_DIRECT_OBJC_ISA_USAGE = YES_ERROR;
				CLANG_WARN_DOCUMENTATION_COMMENTS = YES;
				CLANG_WARN_EMPTY_BODY = YES;
				CLANG_WARN_ENUM_CONVERSION = YES;
				CLANG_WARN_INFINITE_RECURSION = YES;
				CLANG_WARN_INT_CONVERSION = YES;
				CLANG_WARN_NON_LITERAL_NULL_CONVERSION = YES;
				CLANG_WARN_OBJC_IMPLICIT_RETAIN_SELF = YES;
				CLANG_WARN_OBJC_LITERAL_CONVERSION = YES;
				CLANG_WARN_OBJC_ROOT_CLASS = YES_ERROR;
				CLANG_WARN_RANGE_LOOP_ANALYSIS = YES;
				CLANG_WARN_STRICT_PROTOTYPES = YES;
				CLANG_WARN_SUSPICIOUS_MOVE = YES;
				CLANG_WARN_UNGUARDED_AVAILABILITY = YES_AGGRESSIVE;
				CLANG_WARN_UNREACHABLE_CODE = YES;
				CLANG_WARN__DUPLICATE_METHOD_MATCH = YES;
				CODE_SIGN_IDENTITY = "iPhone Developer";
				COPY_PHASE_STRIP = NO;
				DEBUG_INFORMATION_FORMAT = "dwarf-with-dsym";
				ENABLE_NS_ASSERTIONS = NO;
				ENABLE_STRICT_OBJC_MSGSEND = YES;
				GCC_C_LANGUAGE_STANDARD = gnu11;
				GCC_NO_COMMON_BLOCKS = YES;
				GCC_WARN_64_TO_32_BIT_CONVERSION = YES;
				GCC_WARN_ABOUT_RETURN_TYPE = YES_ERROR;
				GCC_WARN_UNDECLARED_SELECTOR = YES;
				GCC_WARN_UNINITIALIZED_AUTOS = YES_AGGRESSIVE;
				GCC_WARN_UNUSED_FUNCTION = YES;
				GCC_WARN_UNUSED_VARIABLE = YES;
				IPHONEOS_DEPLOYMENT_TARGET = 11.2;
				MTL_ENABLE_DEBUG_INFO = NO;
				SDKROOT = iphoneos;
				SWIFT_OPTIMIZATION_LEVEL = "-Owholemodule";
				VALIDATE_PRODUCT = YES;
			};
			name = Release;
		};
		789A8BAE201CEE8B003161B1 /* Debug */ = {
			isa = XCBuildConfiguration;
			buildSettings = {
				ASSETCATALOG_COMPILER_APPICON_NAME = AppIcon;
				CODE_SIGN_STYLE = Automatic;
				DEVELOPMENT_TEAM = S5M76MER4G;
				INFOPLIST_FILE = Nautitrac/Info.plist;
				LD_RUNPATH_SEARCH_PATHS = "$(inherited) @executable_path/Frameworks";
				PRODUCT_BUNDLE_IDENTIFIER = com.SevenBendsSoftware.Nautitrac;
				PRODUCT_NAME = "$(TARGET_NAME)";
				SWIFT_VERSION = 4.0;
				TARGETED_DEVICE_FAMILY = "1,2";
			};
			name = Debug;
		};
		789A8BAF201CEE8B003161B1 /* Release */ = {
			isa = XCBuildConfiguration;
			buildSettings = {
				ASSETCATALOG_COMPILER_APPICON_NAME = AppIcon;
				CODE_SIGN_STYLE = Automatic;
				DEVELOPMENT_TEAM = S5M76MER4G;
				INFOPLIST_FILE = Nautitrac/Info.plist;
				LD_RUNPATH_SEARCH_PATHS = "$(inherited) @executable_path/Frameworks";
				PRODUCT_BUNDLE_IDENTIFIER = com.SevenBendsSoftware.Nautitrac;
				PRODUCT_NAME = "$(TARGET_NAME)";
				SWIFT_VERSION = 4.0;
				TARGETED_DEVICE_FAMILY = "1,2";
			};
			name = Release;
		};
/* End XCBuildConfiguration section */

/* Begin XCConfigurationList section */
		789A8B93201CEE8B003161B1 /* Build configuration list for PBXProject "Nautitrac" */ = {
			isa = XCConfigurationList;
			buildConfigurations = (
				789A8BAB201CEE8B003161B1 /* Debug */,
				789A8BAC201CEE8B003161B1 /* Release */,
			);
			defaultConfigurationIsVisible = 0;
			defaultConfigurationName = Release;
		};
		789A8BAD201CEE8B003161B1 /* Build configuration list for PBXNativeTarget "Nautitrac" */ = {
			isa = XCConfigurationList;
			buildConfigurations = (
				789A8BAE201CEE8B003161B1 /* Debug */,
				789A8BAF201CEE8B003161B1 /* Release */,
			);
			defaultConfigurationIsVisible = 0;
			defaultConfigurationName = Release;
		};
/* End XCConfigurationList section */

/* Begin XCVersionGroup section */
		789A8BA2201CEE8B003161B1 /* Nautitrac.xcdatamodeld */ = {
			isa = XCVersionGroup;
			children = (
				789A8BA3201CEE8B003161B1 /* Nautitrac.xcdatamodel */,
			);
			currentVersion = 789A8BA3201CEE8B003161B1 /* Nautitrac.xcdatamodel */;
			path = Nautitrac.xcdatamodeld;
			sourceTree = "<group>";
			versionGroupType = wrapper.xcdatamodel;
		};
/* End XCVersionGroup section */
	};
	rootObject = 789A8B90201CEE8B003161B1 /* Project object */;
}
